
Microsoft Visual Studio Solution File, Format Version 12.00
# Visual Studio Version 17
VisualStudioVersion = 17.8.34511.84
MinimumVisualStudioVersion = 10.0.40219.1
Project("{FAE04EC0-301F-11D3-BF4B-00C04F79EFBC}") = "crudMysqlCsharp", "crudMysqlCsharp\crudMysqlCsharp.csproj", "{8A0E1586-753F-4ED9-92A2-F414242DC70B}"
EndProject
Global
	GlobalSection(SolutionConfigurationPlatforms) = preSolution
		Debug|Any CPU = Debug|Any CPU
		Release|Any CPU = Release|Any CPU
	EndGlobalSection
	GlobalSection(ProjectConfigurationPlatforms) = postSolution
		{8A0E1586-753F-4ED9-92A2-F414242DC70B}.Debug|Any CPU.ActiveCfg = Debug|Any CPU
		{8A0E1586-753F-4ED9-92A2-F414242DC70B}.Debug|Any CPU.Build.0 = Debug|Any CPU
		{8A0E1586-753F-4ED9-92A2-F414242DC70B}.Release|Any CPU.ActiveCfg = Release|Any CPU
		{8A0E1586-753F-4ED9-92A2-F414242DC70B}.Release|Any CPU.Build.0 = Release|Any CPU
	EndGlobalSection
	GlobalSection(SolutionProperties) = preSolution
		HideSolutionNode = FALSE
	EndGlobalSection
	GlobalSection(ExtensibilityGlobals) = postSolution
		SolutionGuid = {9E627089-5DAE-485B-AED0-0A23A802FD85}
	EndGlobalSection
EndGlobal
